
Microsoft Visual Studio Solution File, Format Version 12.00
# Visual Studio Version 17
VisualStudioVersion = 17.5.002.0
MinimumVisualStudioVersion = 10.0.40219.1
Project("{9A19103F-16F7-4668-BE54-9A1E7A4F7556}") = "BlogAPI", "BlogAPI.csproj", "{5E05CA46-7762-4B51-85CB-1B46249F6ABF}"
EndProject
Global
	GlobalSection(SolutionConfigurationPlatforms) = preSolution
		Debug|Any CPU = Debug|Any CPU
		Release|Any CPU = Release|Any CPU
	EndGlobalSection
	GlobalSection(ProjectConfigurationPlatforms) = postSolution
		{5E05CA46-7762-4B51-85CB-1B46249F6ABF}.Debug|Any CPU.ActiveCfg = Debug|Any CPU
		{5E05CA46-7762-4B51-85CB-1B46249F6ABF}.Debug|Any CPU.Build.0 = Debug|Any CPU
		{5E05CA46-7762-4B51-85CB-1B46249F6ABF}.Release|Any CPU.ActiveCfg = Release|Any CPU
		{5E05CA46-7762-4B51-85CB-1B46249F6ABF}.Release|Any CPU.Build.0 = Release|Any CPU
	EndGlobalSection
	GlobalSection(SolutionProperties) = preSolution
		HideSolutionNode = FALSE
	EndGlobalSection
	GlobalSection(ExtensibilityGlobals) = postSolution
		SolutionGuid = {4DBD7885-D962-4DB9-A4F2-0BB2D7DEB47D}
	EndGlobalSection
EndGlobal
